// !$*UTF8*$!
{
	archiveVersion = 1;
	classes = {
	};
	objectVersion = 46;
	objects = {

/* Begin PBXBuildFile section */
		B08A6A991B14119800E4D774 /* main.m in Sources */ = {isa = PBXBuildFile; fileRef = B08A6A981B14119800E4D774 /* main.m */; };
		B08A6A9C1B14119800E4D774 /* AppDelegate.m in Sources */ = {isa = PBXBuildFile; fileRef = B08A6A9B1B14119800E4D774 /* AppDelegate.m */; };
		B08A6A9F1B14119800E4D774 /* FirstViewController.m in Sources */ = {isa = PBXBuildFile; fileRef = B08A6A9E1B14119800E4D774 /* FirstViewController.m */; };
		B08A6AA21B14119800E4D774 /* SecondViewController.m in Sources */ = {isa = PBXBuildFile; fileRef = B08A6AA11B14119800E4D774 /* SecondViewController.m */; };
		B08A6AA51B14119800E4D774 /* Main.storyboard in Resources */ = {isa = PBXBuildFile; fileRef = B08A6AA31B14119800E4D774 /* Main.storyboard */; };
		B08A6AA71B14119800E4D774 /* Images.xcassets in Resources */ = {isa = PBXBuildFile; fileRef = B08A6AA61B14119800E4D774 /* Images.xcassets */; };
		B08A6AAA1B14119800E4D774 /* LaunchScreen.xib in Resources */ = {isa = PBXBuildFile; fileRef = B08A6AA81B14119800E4D774 /* LaunchScreen.xib */; };
		B08A6AB61B14119800E4D774 /* YahooAPITests.m in Sources */ = {isa = PBXBuildFile; fileRef = B08A6AB51B14119800E4D774 /* YahooAPITests.m */; };
/* End PBXBuildFile section */

/* Begin PBXContainerItemProxy section */
		B08A6AB01B14119800E4D774 /* PBXContainerItemProxy */ = {
			isa = PBXContainerItemProxy;
			containerPortal = B08A6A8B1B14119700E4D774 /* Project object */;
			proxyType = 1;
			remoteGlobalIDString = B08A6A921B14119800E4D774;
			remoteInfo = YahooAPI;
		};
/* End PBXContainerItemProxy section */

/* Begin PBXFileReference section */
		B08A6A931B14119800E4D774 /* YahooAPI.app */ = {isa = PBXFileReference; explicitFileType = wrapper.application; includeInIndex = 0; path = YahooAPI.app; sourceTree = BUILT_PRODUCTS_DIR; };
		B08A6A971B14119800E4D774 /* Info.plist */ = {isa = PBXFileReference; lastKnownFileType = text.plist.xml; path = Info.plist; sourceTree = "<group>"; };
		B08A6A981B14119800E4D774 /* main.m */ = {isa = PBXFileReference; lastKnownFileType = sourcecode.c.objc; path = main.m; sourceTree = "<group>"; };
		B08A6A9A1B14119800E4D774 /* AppDelegate.h */ = {isa = PBXFileReference; lastKnownFileType = sourcecode.c.h; path = AppDelegate.h; sourceTree = "<group>"; };
		B08A6A9B1B14119800E4D774 /* AppDelegate.m */ = {isa = PBXFileReference; lastKnownFileType = sourcecode.c.objc; path = AppDelegate.m; sourceTree = "<group>"; };
		B08A6A9D1B14119800E4D774 /* FirstViewController.h */ = {isa = PBXFileReference; lastKnownFileType = sourcecode.c.h; path = FirstViewController.h; sourceTree = "<group>"; };
		B08A6A9E1B14119800E4D774 /* FirstViewController.m */ = {isa = PBXFileReference; lastKnownFileType = sourcecode.c.objc; path = FirstViewController.m; sourceTree = "<group>"; };
		B08A6AA01B14119800E4D774 /* SecondViewController.h */ = {isa = PBXFileReference; lastKnownFileType = sourcecode.c.h; path = SecondViewController.h; sourceTree = "<group>"; };
		B08A6AA11B14119800E4D774 /* SecondViewController.m */ = {isa = PBXFileReference; lastKnownFileType = sourcecode.c.objc; path = SecondViewController.m; sourceTree = "<group>"; };
		B08A6AA41B14119800E4D774 /* Base */ = {isa = PBXFileReference; lastKnownFileType = file.storyboard; name = Base; path = Base.lproj/Main.storyboard; sourceTree = "<group>"; };
		B08A6AA61B14119800E4D774 /* Images.xcassets */ = {isa = PBXFileReference; lastKnownFileType = folder.assetcatalog; path = Images.xcassets; sourceTree = "<group>"; };
		B08A6AA91B14119800E4D774 /* Base */ = {isa = PBXFileReference; lastKnownFileType = file.xib; name = Base; path = Base.lproj/LaunchScreen.xib; sourceTree = "<group>"; };
		B08A6AAF1B14119800E4D774 /* YahooAPITests.xctest */ = {isa = PBXFileReference; explicitFileType = wrapper.cfbundle; includeInIndex = 0; path = YahooAPITests.xctest; sourceTree = BUILT_PRODUCTS_DIR; };
		B08A6AB41B14119800E4D774 /* Info.plist */ = {isa = PBXFileReference; lastKnownFileType = text.plist.xml; path = Info.plist; sourceTree = "<group>"; };
		B08A6AB51B14119800E4D774 /* YahooAPITests.m */ = {isa = PBXFileReference; lastKnownFileType = sourcecode.c.objc; path = YahooAPITests.m; sourceTree = "<group>"; };
/* End PBXFileReference section */

/* Begin PBXFrameworksBuildPhase section */
		B08A6A901B14119800E4D774 /* Frameworks */ = {
			isa = PBXFrameworksBuildPhase;
			buildActionMask = 2147483647;
			files = (
			);
			runOnlyForDeploymentPostprocessing = 0;
		};
		B08A6AAC1B14119800E4D774 /* Frameworks */ = {
			isa = PBXFrameworksBuildPhase;
			buildActionMask = 2147483647;
			files = (
			);
			runOnlyForDeploymentPostprocessing = 0;
		};
/* End PBXFrameworksBuildPhase section */

/* Begin PBXGroup section */
		B08A6A8A1B14119700E4D774 = {
			isa = PBXGroup;
			children = (
				B08A6A951B14119800E4D774 /* YahooAPI */,
				B08A6AB21B14119800E4D774 /* YahooAPITests */,
				B08A6A941B14119800E4D774 /* Products */,
			);
			sourceTree = "<group>";
		};
		B08A6A941B14119800E4D774 /* Products */ = {
			isa = PBXGroup;
			children = (
				B08A6A931B14119800E4D774 /* YahooAPI.app */,
				B08A6AAF1B14119800E4D774 /* YahooAPITests.xctest */,
			);
			name = Products;
			sourceTree = "<group>";
		};
		B08A6A951B14119800E4D774 /* YahooAPI */ = {
			isa = PBXGroup;
			children = (
				B08A6A9A1B14119800E4D774 /* AppDelegate.h */,
				B08A6A9B1B14119800E4D774 /* AppDelegate.m */,
				B08A6A9D1B14119800E4D774 /* FirstViewController.h */,
				B08A6A9E1B14119800E4D774 /* FirstViewController.m */,
				B08A6AA01B14119800E4D774 /* SecondViewController.h */,
				B08A6AA11B14119800E4D774 /* SecondViewController.m */,
				B08A6AA31B14119800E4D774 /* Main.storyboard */,
				B08A6AA61B14119800E4D774 /* Images.xcassets */,
				B08A6AA81B14119800E4D774 /* LaunchScreen.xib */,
				B08A6A961B14119800E4D774 /* Supporting Files */,
			);
			path = YahooAPI;
			sourceTree = "<group>";
		};
		B08A6A961B14119800E4D774 /* Supporting Files */ = {
			isa = PBXGroup;
			children = (
				B08A6A971B14119800E4D774 /* Info.plist */,
				B08A6A981B14119800E4D774 /* main.m */,
			);
			name = "Supporting Files";
			sourceTree = "<group>";
		};
		B08A6AB21B14119800E4D774 /* YahooAPITests */ = {
			isa = PBXGroup;
			children = (
				B08A6AB51B14119800E4D774 /* YahooAPITests.m */,
				B08A6AB31B14119800E4D774 /* Supporting Files */,
			);
			path = YahooAPITests;
			sourceTree = "<group>";
		};
		B08A6AB31B14119800E4D774 /* Supporting Files */ = {
			isa = PBXGroup;
			children = (
				B08A6AB41B14119800E4D774 /* Info.plist */,
			);
			name = "Supporting Files";
			sourceTree = "<group>";
		};
/* End PBXGroup section */

/* Begin PBXNativeTarget section */
		B08A6A921B14119800E4D774 /* YahooAPI */ = {
			isa = PBXNativeTarget;
			buildConfigurationList = B08A6AB91B14119800E4D774 /* Build configuration list for PBXNativeTarget "YahooAPI" */;
			buildPhases = (
				B08A6A8F1B14119800E4D774 /* Sources */,
				B08A6A901B14119800E4D774 /* Frameworks */,
				B08A6A911B14119800E4D774 /* Resources */,
			);
			buildRules = (
			);
			dependencies = (
			);
			name = YahooAPI;
			productName = YahooAPI;
			productReference = B08A6A931B14119800E4D774 /* YahooAPI.app */;
			productType = "com.apple.product-type.application";
		};
		B08A6AAE1B14119800E4D774 /* YahooAPITests */ = {
			isa = PBXNativeTarget;
			buildConfigurationList = B08A6ABC1B14119800E4D774 /* Build configuration list for PBXNativeTarget "YahooAPITests" */;
			buildPhases = (
				B08A6AAB1B14119800E4D774 /* Sources */,
				B08A6AAC1B14119800E4D774 /* Frameworks */,
				B08A6AAD1B14119800E4D774 /* Resources */,
			);
			buildRules = (
			);
			dependencies = (
				B08A6AB11B14119800E4D774 /* PBXTargetDependency */,
			);
			name = YahooAPITests;
			productName = YahooAPITests;
			productReference = B08A6AAF1B14119800E4D774 /* YahooAPITests.xctest */;
			productType = "com.apple.product-type.bundle.unit-test";
		};
/* End PBXNativeTarget section */

/* Begin PBXProject section */
		B08A6A8B1B14119700E4D774 /* Project object */ = {
			isa = PBXProject;
			attributes = {
				LastUpgradeCheck = 0630;
				ORGANIZATIONNAME = HONGQUAN;
				TargetAttributes = {
					B08A6A921B14119800E4D774 = {
						CreatedOnToolsVersion = 6.3.2;
					};
					B08A6AAE1B14119800E4D774 = {
						CreatedOnToolsVersion = 6.3.2;
						TestTargetID = B08A6A921B14119800E4D774;
					};
				};
			};
			buildConfigurationList = B08A6A8E1B14119700E4D774 /* Build configuration list for PBXProject "YahooAPI" */;
			compatibilityVersion = "Xcode 3.2";
			developmentRegion = English;
			hasScannedForEncodings = 0;
			knownRegions = (
				en,
				Base,
			);
			mainGroup = B08A6A8A1B14119700E4D774;
			productRefGroup = B08A6A941B14119800E4D774 /* Products */;
			projectDirPath = "";
			projectRoot = "";
			targets = (
				B08A6A921B14119800E4D774 /* YahooAPI */,
				B08A6AAE1B14119800E4D774 /* YahooAPITests */,
			);
		};
/* End PBXProject section */

/* Begin PBXResourcesBuildPhase section */
		B08A6A911B14119800E4D774 /* Resources */ = {
			isa = PBXResourcesBuildPhase;
			buildActionMask = 2147483647;
			files = (
				B08A6AA51B14119800E4D774 /* Main.storyboard in Resources */,
				B08A6AAA1B14119800E4D774 /* LaunchScreen.xib in Resources */,
				B08A6AA71B14119800E4D774 /* Images.xcassets in Resources */,
			);
			runOnlyForDeploymentPostprocessing = 0;
		};
		B08A6AAD1B14119800E4D774 /* Resources */ = {
			isa = PBXResourcesBuildPhase;
			buildActionMask = 2147483647;
			files = (
			);
			runOnlyForDeploymentPostprocessing = 0;
		};
/* End PBXResourcesBuildPhase section */

/* Begin PBXSourcesBuildPhase section */
		B08A6A8F1B14119800E4D774 /* Sources */ = {
			isa = PBXSourcesBuildPhase;
			buildActionMask = 2147483647;
			files = (
				B08A6AA21B14119800E4D774 /* SecondViewController.m in Sources */,
				B08A6A9C1B14119800E4D774 /* AppDelegate.m in Sources */,
				B08A6A9F1B14119800E4D774 /* FirstViewController.m in Sources */,
				B08A6A991B14119800E4D774 /* main.m in Sources */,
			);
			runOnlyForDeploymentPostprocessing = 0;
		};
		B08A6AAB1B14119800E4D774 /* Sources */ = {
			isa = PBXSourcesBuildPhase;
			buildActionMask = 2147483647;
			files = (
				B08A6AB61B14119800E4D774 /* YahooAPITests.m in Sources */,
			);
			runOnlyForDeploymentPostprocessing = 0;
		};
/* End PBXSourcesBuildPhase section */

/* Begin PBXTargetDependency section */
		B08A6AB11B14119800E4D774 /* PBXTargetDependency */ = {
			isa = PBXTargetDependency;
			target = B08A6A921B14119800E4D774 /* YahooAPI */;
			targetProxy = B08A6AB01B14119800E4D774 /* PBXContainerItemProxy */;
		};
/* End PBXTargetDependency section */

/* Begin PBXVariantGroup section */
		B08A6AA31B14119800E4D774 /* Main.storyboard */ = {
			isa = PBXVariantGroup;
			children = (
				B08A6AA41B14119800E4D774 /* Base */,
			);
			name = Main.storyboard;
			sourceTree = "<group>";
		};
		B08A6AA81B14119800E4D774 /* LaunchScreen.xib */ = {
			isa = PBXVariantGroup;
			children = (
				B08A6AA91B14119800E4D774 /* Base */,
			);
			name = LaunchScreen.xib;
			sourceTree = "<group>";
		};
/* End PBXVariantGroup section */

/* Begin XCBuildConfiguration section */
		B08A6AB71B14119800E4D774 /* Debug */ = {
			isa = XCBuildConfiguration;
			buildSettings = {
				ALWAYS_SEARCH_USER_PATHS = NO;
				CLANG_CXX_LANGUAGE_STANDARD = "gnu++0x";
				CLANG_CXX_LIBRARY = "libc++";
				CLANG_ENABLE_MODULES = YES;
				CLANG_ENABLE_OBJC_ARC = YES;
				CLANG_WARN_BOOL_CONVERSION = YES;
				CLANG_WARN_CONSTANT_CONVERSION = YES;
				CLANG_WARN_DIRECT_OBJC_ISA_USAGE = YES_ERROR;
				CLANG_WARN_EMPTY_BODY = YES;
				CLANG_WARN_ENUM_CONVERSION = YES;
				CLANG_WARN_INT_CONVERSION = YES;
				CLANG_WARN_OBJC_ROOT_CLASS = YES_ERROR;
				CLANG_WARN_UNREACHABLE_CODE = YES;
				CLANG_WARN__DUPLICATE_METHOD_MATCH = YES;
				"CODE_SIGN_IDENTITY[sdk=iphoneos*]" = "iPhone Developer";
				COPY_PHASE_STRIP = NO;
				DEBUG_INFORMATION_FORMAT = "dwarf-with-dsym";
				ENABLE_STRICT_OBJC_MSGSEND = YES;
				GCC_C_LANGUAGE_STANDARD = gnu99;
				GCC_DYNAMIC_NO_PIC = NO;
				GCC_NO_COMMON_BLOCKS = YES;
				GCC_OPTIMIZATION_LEVEL = 0;
				GCC_PREPROCESSOR_DEFINITIONS = (
					"DEBUG=1",
					"$(inherited)",
				);
				GCC_SYMBOLS_PRIVATE_EXTERN = NO;
				GCC_WARN_64_TO_32_BIT_CONVERSION = YES;
				GCC_WARN_ABOUT_RETURN_TYPE = YES_ERROR;
				GCC_WARN_UNDECLARED_SELECTOR = YES;
				GCC_WARN_UNINITIALIZED_AUTOS = YES_AGGRESSIVE;
				GCC_WARN_UNUSED_FUNCTION = YES;
				GCC_WARN_UNUSED_VARIABLE = YES;
				IPHONEOS_DEPLOYMENT_TARGET = 8.3;
				MTL_ENABLE_DEBUG_INFO = YES;
				ONLY_ACTIVE_ARCH = YES;
				SDKROOT = iphoneos;
				TARGETED_DEVICE_FAMILY = "1,2";
			};
			name = Debug;
		};
		B08A6AB81B14119800E4D774 /* Release */ = {
			isa = XCBuildConfiguration;
			buildSettings = {
				ALWAYS_SEARCH_USER_PATHS = NO;
				CLANG_CXX_LANGUAGE_STANDARD = "gnu++0x";
				CLANG_CXX_LIBRARY = "libc++";
				CLANG_ENABLE_MODULES = YES;
				CLANG_ENABLE_OBJC_ARC = YES;
				CLANG_WARN_BOOL_CONVERSION = YES;
				CLANG_WARN_CONSTANT_CONVERSION = YES;
				CLANG_WARN_DIRECT_OBJC_ISA_USAGE = YES_ERROR;
				CLANG_WARN_EMPTY_BODY = YES;
				CLANG_WARN_ENUM_CONVERSION = YES;
				CLANG_WARN_INT_CONVERSION = YES;
				CLANG_WARN_OBJC_ROOT_CLASS = YES_ERROR;
				CLANG_WARN_UNREACHABLE_CODE = YES;
				CLANG_WARN__DUPLICATE_METHOD_MATCH = YES;
				"CODE_SIGN_IDENTITY[sdk=iphoneos*]" = "iPhone Developer";
				COPY_PHASE_STRIP = NO;
				DEBUG_INFORMATION_FORMAT = "dwarf-with-dsym";
				ENABLE_NS_ASSERTIONS = NO;
				ENABLE_STRICT_OBJC_MSGSEND = YES;
				GCC_C_LANGUAGE_STANDARD = gnu99;
				GCC_NO_COMMON_BLOCKS = YES;
				GCC_WARN_64_TO_32_BIT_CONVERSION = YES;
				GCC_WARN_ABOUT_RETURN_TYPE = YES_ERROR;
				GCC_WARN_UNDECLARED_SELECTOR = YES;
				GCC_WARN_UNINITIALIZED_AUTOS = YES_AGGRESSIVE;
				GCC_WARN_UNUSED_FUNCTION = YES;
				GCC_WARN_UNUSED_VARIABLE = YES;
				IPHONEOS_DEPLOYMENT_TARGET = 8.3;
				MTL_ENABLE_DEBUG_INFO = NO;
				SDKROOT = iphoneos;
				TARGETED_DEVICE_FAMILY = "1,2";
				VALIDATE_PRODUCT = YES;
			};
			name = Release;
		};
		B08A6ABA1B14119800E4D774 /* Debug */ = {
			isa = XCBuildConfiguration;
			buildSettings = {
				ASSETCATALOG_COMPILER_APPICON_NAME = AppIcon;
				INFOPLIST_FILE = YahooAPI/Info.plist;
				LD_RUNPATH_SEARCH_PATHS = "$(inherited) @executable_path/Frameworks";
				PRODUCT_NAME = "$(TARGET_NAME)";
			};
			name = Debug;
		};
		B08A6ABB1B14119800E4D774 /* Release */ = {
			isa = XCBuildConfiguration;
			buildSettings = {
				ASSETCATALOG_COMPILER_APPICON_NAME = AppIcon;
				INFOPLIST_FILE = YahooAPI/Info.plist;
				LD_RUNPATH_SEARCH_PATHS = "$(inherited) @executable_path/Frameworks";
				PRODUCT_NAME = "$(TARGET_NAME)";
			};
			name = Release;
		};
		B08A6ABD1B14119800E4D774 /* Debug */ = {
			isa = XCBuildConfiguration;
			buildSettings = {
				BUNDLE_LOADER = "$(TEST_HOST)";
				FRAMEWORK_SEARCH_PATHS = (
					"$(SDKROOT)/Developer/Library/Frameworks",
					"$(inherited)",
				);
				GCC_PREPROCESSOR_DEFINITIONS = (
					"DEBUG=1",
					"$(inherited)",
				);
				INFOPLIST_FILE = YahooAPITests/Info.plist;
				LD_RUNPATH_SEARCH_PATHS = "$(inherited) @executable_path/Frameworks @loader_path/Frameworks";
				PRODUCT_NAME = "$(TARGET_NAME)";
				TEST_HOST = "$(BUILT_PRODUCTS_DIR)/YahooAPI.app/YahooAPI";
			};
			name = Debug;
		};
		B08A6ABE1B14119800E4D774 /* Release */ = {
			isa = XCBuildConfiguration;
			buildSettings = {
				BUNDLE_LOADER = "$(TEST_HOST)";
				FRAMEWORK_SEARCH_PATHS = (
					"$(SDKROOT)/Developer/Library/Frameworks",
					"$(inherited)",
				);
				INFOPLIST_FILE = YahooAPITests/Info.plist;
				LD_RUNPATH_SEARCH_PATHS = "$(inherited) @executable_path/Frameworks @loader_path/Frameworks";
				PRODUCT_NAME = "$(TARGET_NAME)";
				TEST_HOST = "$(BUILT_PRODUCTS_DIR)/YahooAPI.app/YahooAPI";
			};
			name = Release;
		};
/* End XCBuildConfiguration section */

/* Begin XCConfigurationList section */
		B08A6A8E1B14119700E4D774 /* Build configuration list for PBXProject "YahooAPI" */ = {
			isa = XCConfigurationList;
			buildConfigurations = (
				B08A6AB71B14119800E4D774 /* Debug */,
				B08A6AB81B14119800E4D774 /* Release */,
			);
			defaultConfigurationIsVisible = 0;
			defaultConfigurationName = Release;
		};
		B08A6AB91B14119800E4D774 /* Build configuration list for PBXNativeTarget "YahooAPI" */ = {
			isa = XCConfigurationList;
			buildConfigurations = (
				B08A6ABA1B14119800E4D774 /* Debug */,
				B08A6ABB1B14119800E4D774 /* Release */,
			);
			defaultConfigurationIsVisible = 0;
		};
		B08A6ABC1B14119800E4D774 /* Build configuration list for PBXNativeTarget "YahooAPITests" */ = {
			isa = XCConfigurationList;
			buildConfigurations = (
				B08A6ABD1B14119800E4D774 /* Debug */,
				B08A6ABE1B14119800E4D774 /* Release */,
			);
			defaultConfigurationIsVisible = 0;
		};
/* End XCConfigurationList section */
	};
	rootObject = B08A6A8B1B14119700E4D774 /* Project object */;
}
